
Microsoft Visual Studio Solution File, Format Version 12.00
# Visual Studio 2013
VisualStudioVersion = 12.0.40629.0
MinimumVisualStudioVersion = 10.0.40219.1
Project("{FAE04EC0-301F-11D3-BF4B-00C04F79EFBC}") = "Bit Exchange", "Bit Exchange\Bit Exchange.csproj", "{45143F40-D7B8-4391-8269-B7005B45362C}"
EndProject
Global
	GlobalSection(SolutionConfigurationPlatforms) = preSolution
		Debug|Any CPU = Debug|Any CPU
		Release|Any CPU = Release|Any CPU
	EndGlobalSection
	GlobalSection(ProjectConfigurationPlatforms) = postSolution
		{45143F40-D7B8-4391-8269-B7005B45362C}.Debug|Any CPU.ActiveCfg = Debug|Any CPU
		{45143F40-D7B8-4391-8269-B7005B45362C}.Debug|Any CPU.Build.0 = Debug|Any CPU
		{45143F40-D7B8-4391-8269-B7005B45362C}.Release|Any CPU.ActiveCfg = Release|Any CPU
		{45143F40-D7B8-4391-8269-B7005B45362C}.Release|Any CPU.Build.0 = Release|Any CPU
	EndGlobalSection
	GlobalSection(SolutionProperties) = preSolution
		HideSolutionNode = FALSE
	EndGlobalSection
EndGlobal
